PODS:
  - AFNetworking (3.1.0):
    - AFNetworking/NSURLSession (= 3.1.0)
    - AFNetworking/Reachability (= 3.1.0)
    - AFNetworking/Security (= 3.1.0)
    - AFNetworking/Serialization (= 3.1.0)
    - AFNetworking/UIKit (= 3.1.0)
  - AFNetworking/NSURLSession (3.1.0):
    - AFNetworking/Reachability
    - AFNetworking/Security
    - AFNetworking/Serialization
  - AFNetworking/Reachability (3.1.0)
  - AFNetworking/Security (3.1.0)
  - AFNetworking/Serialization (3.1.0)
  - AFNetworking/UIKit (3.1.0):
    - AFNetworking/NSURLSession
  - FTIndicator (1.2.0):
    - FTIndicator/FTNotificationIndicator (= 1.2.0)
    - FTIndicator/FTProgressIndicator (= 1.2.0)
    - FTIndicator/FTToastIndicator (= 1.2.0)
  - FTIndicator/FTNotificationIndicator (1.2.0)
  - FTIndicator/FTProgressIndicator (1.2.0)
  - FTIndicator/FTToastIndicator (1.2.0)
  - OAuthSwift (1.1.1)
  - Unbox (2.4.0)

DEPENDENCIES:
  - AFNetworking
  - FTIndicator
  - OAuthSwift
  - Unbox

SPEC CHECKSUMS:
  AFNetworking: 5e0e199f73d8626b11e79750991f5d173d1f8b67
  FTIndicator: e1c035b99b8df1b1a40702b37cdc12fac5dd057c
  OAuthSwift: 6e3a103b3e5639411769cc7e199ec7e14bd1547f
  Unbox: c8b2ab69d3337597b4a3f47a0538807dc12db670

PODFILE CHECKSUM: e422e4df50adddebdd9b6c23f5f6100c01bf7db9

COCOAPODS: 1.1.1
